# Copyright (c) 2024 HPMicro
# SPDX-License-Identifier: Apache-2.0

description: |
  HPMicro second clock description.

compatible: "hpmicro,hpm-second-clock"

include: [clock-controller.yaml, base.yaml]

properties:
  node-name:
    type: int
    required: true
    description: |
      second clock node name

  "#clock-cells":
    const: 2

clock-cells:
  - end-node
  - group